
Microsoft Visual Studio Solution File, Format Version 12.00
# Visual Studio Version 17
VisualStudioVersion = 17.1.32407.343
MinimumVisualStudioVersion = 10.0.40219.1
Project("{9A19103F-16F7-4668-BE54-9A1E7A4F7556}") = "ZooBazaar_ClassLibrary", "ZooBazaar_ClassLibrary\ZooBazaar_ClassLibrary.csproj", "{ECFAD72C-37A9-4489-99DE-ABC713C6711F}"
EndProject
Project("{9A19103F-16F7-4668-BE54-9A1E7A4F7556}") = "ZooBazaar_ASP_NET", "ZooBazaar_ASP_NET\ZooBazaar_ASP_NET.csproj", "{7AF9A955-0437-4DC5-97A5-1D8EF63B0872}"
EndProject
Project("{9A19103F-16F7-4668-BE54-9A1E7A4F7556}") = "ZooBazaar_Windows_Forms_Application", "ZooBazaar_Windows_Forms_Application\ZooBazaar_Windows_Forms_Application.csproj", "{8026D775-067D-4223-8B41-6C67CCB71975}"
EndProject
Project("{9A19103F-16F7-4668-BE54-9A1E7A4F7556}") = "ZooBazaar_Repositories", "ZooBazaar_Repositories\ZooBazaar_Repositories.csproj", "{348151C7-74F5-40A7-A95C-425433B7C5E9}"
EndProject
Project("{9A19103F-16F7-4668-BE54-9A1E7A4F7556}") = "ZooBazaar_DTO", "ZooBazaar_Interfaces\ZooBazaar_DTO.csproj", "{7159D057-E800-4A3E-A08F-8497736BE8BF}"
EndProject
Project("{9A19103F-16F7-4668-BE54-9A1E7A4F7556}") = "ZooBazaar_DomainModels", "DomainModels\ZooBazaar_DomainModels.csproj", "{C862A6FA-8A01-4057-B974-1CDC568615DB}"
EndProject
Global
	GlobalSection(SolutionConfigurationPlatforms) = preSolution
		Debug|Any CPU = Debug|Any CPU
		Release|Any CPU = Release|Any CPU
	EndGlobalSection
	GlobalSection(ProjectConfigurationPlatforms) = postSolution
		{ECFAD72C-37A9-4489-99DE-ABC713C6711F}.Debug|Any CPU.ActiveCfg = Debug|Any CPU
		{ECFAD72C-37A9-4489-99DE-ABC713C6711F}.Debug|Any CPU.Build.0 = Debug|Any CPU
		{ECFAD72C-37A9-4489-99DE-ABC713C6711F}.Release|Any CPU.ActiveCfg = Release|Any CPU
		{ECFAD72C-37A9-4489-99DE-ABC713C6711F}.Release|Any CPU.Build.0 = Release|Any CPU
		{7AF9A955-0437-4DC5-97A5-1D8EF63B0872}.Debug|Any CPU.ActiveCfg = Debug|Any CPU
		{7AF9A955-0437-4DC5-97A5-1D8EF63B0872}.Debug|Any CPU.Build.0 = Debug|Any CPU
		{7AF9A955-0437-4DC5-97A5-1D8EF63B0872}.Release|Any CPU.ActiveCfg = Release|Any CPU
		{7AF9A955-0437-4DC5-97A5-1D8EF63B0872}.Release|Any CPU.Build.0 = Release|Any CPU
		{8026D775-067D-4223-8B41-6C67CCB71975}.Debug|Any CPU.ActiveCfg = Debug|Any CPU
		{8026D775-067D-4223-8B41-6C67CCB71975}.Debug|Any CPU.Build.0 = Debug|Any CPU
		{8026D775-067D-4223-8B41-6C67CCB71975}.Release|Any CPU.ActiveCfg = Release|Any CPU
		{8026D775-067D-4223-8B41-6C67CCB71975}.Release|Any CPU.Build.0 = Release|Any CPU
		{348151C7-74F5-40A7-A95C-425433B7C5E9}.Debug|Any CPU.ActiveCfg = Debug|Any CPU
		{348151C7-74F5-40A7-A95C-425433B7C5E9}.Debug|Any CPU.Build.0 = Debug|Any CPU
		{348151C7-74F5-40A7-A95C-425433B7C5E9}.Release|Any CPU.ActiveCfg = Release|Any CPU
		{348151C7-74F5-40A7-A95C-425433B7C5E9}.Release|Any CPU.Build.0 = Release|Any CPU
		{7159D057-E800-4A3E-A08F-8497736BE8BF}.Debug|Any CPU.ActiveCfg = Debug|Any CPU
		{7159D057-E800-4A3E-A08F-8497736BE8BF}.Debug|Any CPU.Build.0 = Debug|Any CPU
		{7159D057-E800-4A3E-A08F-8497736BE8BF}.Release|Any CPU.ActiveCfg = Release|Any CPU
		{7159D057-E800-4A3E-A08F-8497736BE8BF}.Release|Any CPU.Build.0 = Release|Any CPU
		{C862A6FA-8A01-4057-B974-1CDC568615DB}.Debug|Any CPU.ActiveCfg = Debug|Any CPU
		{C862A6FA-8A01-4057-B974-1CDC568615DB}.Debug|Any CPU.Build.0 = Debug|Any CPU
		{C862A6FA-8A01-4057-B974-1CDC568615DB}.Release|Any CPU.ActiveCfg = Release|Any CPU
		{C862A6FA-8A01-4057-B974-1CDC568615DB}.Release|Any CPU.Build.0 = Release|Any CPU
	EndGlobalSection
	GlobalSection(SolutionProperties) = preSolution
		HideSolutionNode = FALSE
	EndGlobalSection
	GlobalSection(ExtensibilityGlobals) = postSolution
		SolutionGuid = {9DD0106B-CBF0-46C2-9C65-B0E76CFF5EEC}
	EndGlobalSection
EndGlobal
